
Microsoft Visual Studio Solution File, Format Version 12.00
# Visual Studio 15
VisualStudioVersion = 15.0.28307.1145
MinimumVisualStudioVersion = 10.0.40219.1
Project("{FAE04EC0-301F-11D3-BF4B-00C04F79EFBC}") = "Agenda Etec", "Agenda Etec\Agenda Etec.csproj", "{617B828D-6FBB-4AC2-943B-4D2E5793C480}"
EndProject
Global
	GlobalSection(SolutionConfigurationPlatforms) = preSolution
		Debug|Any CPU = Debug|Any CPU
		Release|Any CPU = Release|Any CPU
	EndGlobalSection
	GlobalSection(ProjectConfigurationPlatforms) = postSolution
		{617B828D-6FBB-4AC2-943B-4D2E5793C480}.Debug|Any CPU.ActiveCfg = Debug|Any CPU
		{617B828D-6FBB-4AC2-943B-4D2E5793C480}.Debug|Any CPU.Build.0 = Debug|Any CPU
		{617B828D-6FBB-4AC2-943B-4D2E5793C480}.Release|Any CPU.ActiveCfg = Release|Any CPU
		{617B828D-6FBB-4AC2-943B-4D2E5793C480}.Release|Any CPU.Build.0 = Release|Any CPU
	EndGlobalSection
	GlobalSection(SolutionProperties) = preSolution
		HideSolutionNode = FALSE
	EndGlobalSection
	GlobalSection(ExtensibilityGlobals) = postSolution
		SolutionGuid = {7591E09B-FA94-45F5-92CF-D402A75B8FE1}
	EndGlobalSection
EndGlobal
